dependencies:
- name: gitlab
  repository: ""
  version: '*.*.*'
- name: certmanager-issuer
  repository: ""
  version: '*.*.*'
- name: registry
  repository: ""
  version: '*.*.*'
- name: cert-manager
  repository: oci://quay.io/jetstack/charts
  version: v1.21.1
- name: prometheus
  repository: oci://ghcr.io/prometheus-community/charts
  version: 29.17.0
- name: gitlab-runner
  repository: https://charts.gitlab.io/
  version: 0.92.0
- name: nginx-ingress
  repository: ""
  version: '*.*.*'
- name: nginx-ingress
  repository: ""
  version: '*.*.*'
- name: gitlab-zoekt
  repository: https://charts.gitlab.io/
  version: 4.1.0
- name: openbao
  repository: https://charts.gitlab.io/
  version: 0.17.0
- name: traefik
  repository: https://helm.traefik.io/traefik
  version: 10.19.4
- name: kubernetes-ingress
  repository: https://haproxytech.github.io/helm-charts
  version: 1.39.4
- name: gateway-helm
  repository: oci://registry-1.docker.io/envoyproxy
  version: 1.9.0
- name: ai-gateway
  repository: https://gitlab.com/api/v4/projects/gitlab-org%2fcharts%2fai-gateway-helm-chart/packages/helm/devel
  version: 0.15.1
digest: sha256:037eed20599c7122dd8f2fcf8a265c48aeec012af8d6df989e532fb2f2448b52
generated: "2026-08-19T23:17:27.885529658Z"
